
Microsoft Visual Studio Solution File, Format Version 12.00
# Visual Studio Version 16
VisualStudioVersion = 16.0.31702.278
MinimumVisualStudioVersion = 10.0.40219.1
Project("{FAE04EC0-301F-11D3-BF4B-00C04F79EFBC}") = "laboratorio09.Android", "laboratorio09\laboratorio09.Android\laboratorio09.Android.csproj", "{6DF2BA22-84F7-4132-BDAA-56408F8FCB2A}"
EndProject
Project("{FAE04EC0-301F-11D3-BF4B-00C04F79EFBC}") = "laboratorio09.iOS", "laboratorio09\laboratorio09.iOS\laboratorio09.iOS.csproj", "{8C3829F0-E314-4AAB-A0BA-7D17076DFAF1}"
EndProject
Project("{FAE04EC0-301F-11D3-BF4B-00C04F79EFBC}") = "laboratorio09", "laboratorio09\laboratorio09\laboratorio09.csproj", "{E305C822-A34A-4F0D-9CF5-038B0F9BB197}"
EndProject
Global
	GlobalSection(SolutionConfigurationPlatforms) = preSolution
		Debug|Any CPU = Debug|Any CPU
		Debug|iPhone = Debug|iPhone
		Debug|iPhoneSimulator = Debug|iPhoneSimulator
		Release|Any CPU = Release|Any CPU
		Release|iPhone = Release|iPhone
		Release|iPhoneSimulator = Release|iPhoneSimulator
	EndGlobalSection
	GlobalSection(ProjectConfigurationPlatforms) = postSolution
		{6DF2BA22-84F7-4132-BDAA-56408F8FCB2A}.Debug|Any CPU.ActiveCfg = Debug|Any CPU
		{6DF2BA22-84F7-4132-BDAA-56408F8FCB2A}.Debug|Any CPU.Build.0 = Debug|Any CPU
		{6DF2BA22-84F7-4132-BDAA-56408F8FCB2A}.Debug|Any CPU.Deploy.0 = Debug|Any CPU
		{6DF2BA22-84F7-4132-BDAA-56408F8FCB2A}.Debug|iPhone.ActiveCfg = Debug|Any CPU
		{6DF2BA22-84F7-4132-BDAA-56408F8FCB2A}.Debug|iPhone.Build.0 = Debug|Any CPU
		{6DF2BA22-84F7-4132-BDAA-56408F8FCB2A}.Debug|iPhone.Deploy.0 = Debug|Any CPU
		{6DF2BA22-84F7-4132-BDAA-56408F8FCB2A}.Debug|iPhoneSimulator.ActiveCfg = Debug|Any CPU
		{6DF2BA22-84F7-4132-BDAA-56408F8FCB2A}.Debug|iPhoneSimulator.Build.0 = Debug|Any CPU
		{6DF2BA22-84F7-4132-BDAA-56408F8FCB2A}.Debug|iPhoneSimulator.Deploy.0 = Debug|Any CPU
		{6DF2BA22-84F7-4132-BDAA-56408F8FCB2A}.Release|Any CPU.ActiveCfg = Release|Any CPU
		{6DF2BA22-84F7-4132-BDAA-56408F8FCB2A}.Release|Any CPU.Build.0 = Release|Any CPU
		{6DF2BA22-84F7-4132-BDAA-56408F8FCB2A}.Release|Any CPU.Deploy.0 = Release|Any CPU
		{6DF2BA22-84F7-4132-BDAA-56408F8FCB2A}.Release|iPhone.ActiveCfg = Release|Any CPU
		{6DF2BA22-84F7-4132-BDAA-56408F8FCB2A}.Release|iPhone.Build.0 = Release|Any CPU
		{6DF2BA22-84F7-4132-BDAA-56408F8FCB2A}.Release|iPhone.Deploy.0 = Release|Any CPU
		{6DF2BA22-84F7-4132-BDAA-56408F8FCB2A}.Release|iPhoneSimulator.ActiveCfg = Release|Any CPU
		{6DF2BA22-84F7-4132-BDAA-56408F8FCB2A}.Release|iPhoneSimulator.Build.0 = Release|Any CPU
		{6DF2BA22-84F7-4132-BDAA-56408F8FCB2A}.Release|iPhoneSimulator.Deploy.0 = Release|Any CPU
		{8C3829F0-E314-4AAB-A0BA-7D17076DFAF1}.Debug|Any CPU.ActiveCfg = Debug|iPhone
		{8C3829F0-E314-4AAB-A0BA-7D17076DFAF1}.Debug|Any CPU.Build.0 = Debug|iPhone
		{8C3829F0-E314-4AAB-A0BA-7D17076DFAF1}.Debug|Any CPU.Deploy.0 = Debug|iPhone
		{8C3829F0-E314-4AAB-A0BA-7D17076DFAF1}.Debug|iPhone.ActiveCfg = Debug|iPhone
		{8C3829F0-E314-4AAB-A0BA-7D17076DFAF1}.Debug|iPhone.Build.0 = Debug|iPhone
		{8C3829F0-E314-4AAB-A0BA-7D17076DFAF1}.Debug|iPhone.Deploy.0 = Debug|iPhone
		{8C3829F0-E314-4AAB-A0BA-7D17076DFAF1}.Debug|iPhoneSimulator.ActiveCfg = Debug|iPhoneSimulator
		{8C3829F0-E314-4AAB-A0BA-7D17076DFAF1}.Debug|iPhoneSimulator.Build.0 = Debug|iPhoneSimulator
		{8C3829F0-E314-4AAB-A0BA-7D17076DFAF1}.Debug|iPhoneSimulator.Deploy.0 = Debug|iPhoneSimulator
		{8C3829F0-E314-4AAB-A0BA-7D17076DFAF1}.Release|Any CPU.ActiveCfg = Release|iPhoneSimulator
		{8C3829F0-E314-4AAB-A0BA-7D17076DFAF1}.Release|Any CPU.Build.0 = Release|iPhoneSimulator
		{8C3829F0-E314-4AAB-A0BA-7D17076DFAF1}.Release|Any CPU.Deploy.0 = Release|iPhoneSimulator
		{8C3829F0-E314-4AAB-A0BA-7D17076DFAF1}.Release|iPhone.ActiveCfg = Release|iPhone
		{8C3829F0-E314-4AAB-A0BA-7D17076DFAF1}.Release|iPhone.Build.0 = Release|iPhone
		{8C3829F0-E314-4AAB-A0BA-7D17076DFAF1}.Release|iPhone.Deploy.0 = Release|iPhone
		{8C3829F0-E314-4AAB-A0BA-7D17076DFAF1}.Release|iPhoneSimulator.ActiveCfg = Release|iPhoneSimulator
		{8C3829F0-E314-4AAB-A0BA-7D17076DFAF1}.Release|iPhoneSimulator.Build.0 = Release|iPhoneSimulator
		{8C3829F0-E314-4AAB-A0BA-7D17076DFAF1}.Release|iPhoneSimulator.Deploy.0 = Release|iPhoneSimulator
		{E305C822-A34A-4F0D-9CF5-038B0F9BB197}.Debug|Any CPU.ActiveCfg = Debug|Any CPU
		{E305C822-A34A-4F0D-9CF5-038B0F9BB197}.Debug|Any CPU.Build.0 = Debug|Any CPU
		{E305C822-A34A-4F0D-9CF5-038B0F9BB197}.Debug|Any CPU.Deploy.0 = Debug|Any CPU
		{E305C822-A34A-4F0D-9CF5-038B0F9BB197}.Debug|iPhone.ActiveCfg = Debug|Any CPU
		{E305C822-A34A-4F0D-9CF5-038B0F9BB197}.Debug|iPhone.Build.0 = Debug|Any CPU
		{E305C822-A34A-4F0D-9CF5-038B0F9BB197}.Debug|iPhone.Deploy.0 = Debug|Any CPU
		{E305C822-A34A-4F0D-9CF5-038B0F9BB197}.Debug|iPhoneSimulator.ActiveCfg = Debug|Any CPU
		{E305C822-A34A-4F0D-9CF5-038B0F9BB197}.Debug|iPhoneSimulator.Build.0 = Debug|Any CPU
		{E305C822-A34A-4F0D-9CF5-038B0F9BB197}.Debug|iPhoneSimulator.Deploy.0 = Debug|Any CPU
		{E305C822-A34A-4F0D-9CF5-038B0F9BB197}.Release|Any CPU.ActiveCfg = Release|Any CPU
		{E305C822-A34A-4F0D-9CF5-038B0F9BB197}.Release|Any CPU.Build.0 = Release|Any CPU
		{E305C822-A34A-4F0D-9CF5-038B0F9BB197}.Release|Any CPU.Deploy.0 = Release|Any CPU
		{E305C822-A34A-4F0D-9CF5-038B0F9BB197}.Release|iPhone.ActiveCfg = Release|Any CPU
		{E305C822-A34A-4F0D-9CF5-038B0F9BB197}.Release|iPhone.Build.0 = Release|Any CPU
		{E305C822-A34A-4F0D-9CF5-038B0F9BB197}.Release|iPhone.Deploy.0 = Release|Any CPU
		{E305C822-A34A-4F0D-9CF5-038B0F9BB197}.Release|iPhoneSimulator.ActiveCfg = Release|Any CPU
		{E305C822-A34A-4F0D-9CF5-038B0F9BB197}.Release|iPhoneSimulator.Build.0 = Release|Any CPU
		{E305C822-A34A-4F0D-9CF5-038B0F9BB197}.Release|iPhoneSimulator.Deploy.0 = Release|Any CPU
	EndGlobalSection
	GlobalSection(SolutionProperties) = preSolution
		HideSolutionNode = FALSE
	EndGlobalSection
	GlobalSection(ExtensibilityGlobals) = postSolution
		SolutionGuid = {690E7907-5A34-4901-BFEA-0AF914825781}
	EndGlobalSection
EndGlobal
